{
  "name": "les-environs",
  "version": "0.0.1",
  "lockfileVersion": 1,
  "requires": true,
  "dependencies": {
    "codemirror": {
      "version": "5.41.0",
      "resolved": "https://registry.npmjs.org/codemirror/-/codemirror-5.41.0.tgz",
      "integrity": "sha512-mkCwbneCx2WHg1MNCYrI+8Zuq0KMMaZ5yTFpQlAZazy3yxME8bHcuSc9WUFzgPZ114WqWu1FIHlx8CavLzBDIg=="
    }
  }
}
